
Microsoft Visual Studio Solution File, Format Version 12.00
# Visual Studio Version 17
VisualStudioVersion = 17.5.33530.505
MinimumVisualStudioVersion = 10.0.40219.1
Project("{FAE04EC0-301F-11D3-BF4B-00C04F79EFBC}") = "Dapper.Wrapper", "Dapper.Wrapper\Dapper.Wrapper.csproj", "{BEC2AC7E-02F5-49E1-8DE5-CF85B7E86A3A}"
EndProject
Global
	GlobalSection(SolutionConfigurationPlatforms) = preSolution
		Debug|Any CPU = Debug|Any CPU
		Release|Any CPU = Release|Any CPU
	EndGlobalSection
	GlobalSection(ProjectConfigurationPlatforms) = postSolution
		{BEC2AC7E-02F5-49E1-8DE5-CF85B7E86A3A}.Debug|Any CPU.ActiveCfg = Debug|Any CPU
		{BEC2AC7E-02F5-49E1-8DE5-CF85B7E86A3A}.Debug|Any CPU.Build.0 = Debug|Any CPU
		{BEC2AC7E-02F5-49E1-8DE5-CF85B7E86A3A}.Release|Any CPU.ActiveCfg = Release|Any CPU
		{BEC2AC7E-02F5-49E1-8DE5-CF85B7E86A3A}.Release|Any CPU.Build.0 = Release|Any CPU
	EndGlobalSection
	GlobalSection(SolutionProperties) = preSolution
		HideSolutionNode = FALSE
	EndGlobalSection
	GlobalSection(ExtensibilityGlobals) = postSolution
		SolutionGuid = {FFB4EAAD-DD28-4BD7-B62B-E4DB2A3801F5}
	EndGlobalSection
EndGlobal
